// !$*UTF8*$!
{
	archiveVersion = 1;
	classes = {
	};
	objectVersion = 77;
	objects = {

/* Begin PBXContainerItemProxy section */
		6CD458DF2CBD507000FCAB73 /* PBXContainerItemProxy */ = {
			isa = PBXContainerItemProxy;
			containerPortal = 6CD458C12CBD506E00FCAB73 /* Project object */;
			proxyType = 1;
			remoteGlobalIDString = 6CD458C82CBD506E00FCAB73;
			remoteInfo = SwiftLesson;
		};
		6CD458E92CBD507000FCAB73 /* PBXContainerItemProxy */ = {
			isa = PBXContainerItemProxy;
			containerPortal = 6CD458C12CBD506E00FCAB73 /* Project object */;
			proxyType = 1;
			remoteGlobalIDString = 6CD458C82CBD506E00FCAB73;
			remoteInfo = SwiftLesson;
		};
/* End PBXContainerItemProxy section */

/* Begin PBXFileReference section */
		6CD458C92CBD506E00FCAB73 /* SwiftLesson.app */ = {isa = PBXFileReference; explicitFileType = wrapper.application; includeInIndex = 0; path = SwiftLesson.app; sourceTree = BUILT_PRODUCTS_DIR; };
		6CD458DE2CBD507000FCAB73 /* SwiftLessonTests.xctest */ = {isa = PBXFileReference; explicitFileType = wrapper.cfbundle; includeInIndex = 0; path = SwiftLessonTests.xctest; sourceTree = BUILT_PRODUCTS_DIR; };
		6CD458E82CBD507000FCAB73 /* SwiftLessonUITests.xctest */ = {isa = PBXFileReference; explicitFileType = wrapper.cfbundle; includeInIndex = 0; path = SwiftLessonUITests.xctest; sourceTree = BUILT_PRODUCTS_DIR; };
/* End PBXFileReference section */

/* Begin PBXFileSystemSynchronizedRootGroup section */
		6CD458CB2CBD506E00FCAB73 /* SwiftLesson */ = {
			isa = PBXFileSystemSynchronizedRootGroup;
			path = SwiftLesson;
			sourceTree = "<group>";
		};
		6CD458E12CBD507000FCAB73 /* SwiftLessonTests */ = {
			isa = PBXFileSystemSynchronizedRootGroup;
			path = SwiftLessonTests;
			sourceTree = "<group>";
		};
		6CD458EB2CBD507000FCAB73 /* SwiftLessonUITests */ = {
			isa = PBXFileSystemSynchronizedRootGroup;
			path = SwiftLessonUITests;
			sourceTree = "<group>";
		};
/* End PBXFileSystemSynchronizedRootGroup section */

/* Begin PBXFrameworksBuildPhase section */
		6CD458C62CBD506E00FCAB73 /* Frameworks */ = {
			isa = PBXFrameworksBuildPhase;
			buildActionMask = 2147483647;
			files = (
			);
			runOnlyForDeploymentPostprocessing = 0;
		};
		6CD458DB2CBD507000FCAB73 /* Frameworks */ = {
			isa = PBXFrameworksBuildPhase;
			buildActionMask = 2147483647;
			files = (
			);
			runOnlyForDeploymentPostprocessing = 0;
		};
		6CD458E52CBD507000FCAB73 /* Frameworks */ = {
			isa = PBXFrameworksBuildPhase;
			buildActionMask = 2147483647;
			files = (
			);
			runOnlyForDeploymentPostprocessing = 0;
		};
/* End PBXFrameworksBuildPhase section */

/* Begin PBXGroup section */
		6CD458C02CBD506E00FCAB73 = {
			isa = PBXGroup;
			children = (
				6CD458CB2CBD506E00FCAB73 /* SwiftLesson */,
				6CD458E12CBD507000FCAB73 /* SwiftLessonTests */,
				6CD458EB2CBD507000FCAB73 /* SwiftLessonUITests */,
				6CD458CA2CBD506E00FCAB73 /* Products */,
			);
			sourceTree = "<group>";
		};
		6CD458CA2CBD506E00FCAB73 /* Products */ = {
			isa = PBXGroup;
			children = (
				6CD458C92CBD506E00FCAB73 /* SwiftLesson.app */,
				6CD458DE2CBD507000FCAB73 /* SwiftLessonTests.xctest */,
				6CD458E82CBD507000FCAB73 /* SwiftLessonUITests.xctest */,
			);
			name = Products;
			sourceTree = "<group>";
		};
/* End PBXGroup section */

/* Begin PBXNativeTarget section */
		6CD458C82CBD506E00FCAB73 /* SwiftLesson */ = {
			isa = PBXNativeTarget;
			buildConfigurationList = 6CD458F22CBD507000FCAB73 /* Build configuration list for PBXNativeTarget "SwiftLesson" */;
			buildPhases = (
				6CD458C52CBD506E00FCAB73 /* Sources */,
				6CD458C62CBD506E00FCAB73 /* Frameworks */,
				6CD458C72CBD506E00FCAB73 /* Resources */,
			);
			buildRules = (
			);
			dependencies = (
			);
			fileSystemSynchronizedGroups = (
				6CD458CB2CBD506E00FCAB73 /* SwiftLesson */,
			);
			name = SwiftLesson;
			packageProductDependencies = (
			);
			productName = SwiftLesson;
			productReference = 6CD458C92CBD506E00FCAB73 /* SwiftLesson.app */;
			productType = "com.apple.product-type.application";
		};
		6CD458DD2CBD507000FCAB73 /* SwiftLessonTests */ = {
			isa = PBXNativeTarget;
			buildConfigurationList = 6CD458F52CBD507000FCAB73 /* Build configuration list for PBXNativeTarget "SwiftLessonTests" */;
			buildPhases = (
				6CD458DA2CBD507000FCAB73 /* Sources */,
				6CD458DB2CBD507000FCAB73 /* Frameworks */,
				6CD458DC2CBD507000FCAB73 /* Resources */,
			);
			buildRules = (
			);
			dependencies = (
				6CD458E02CBD507000FCAB73 /* PBXTargetDependency */,
			);
			fileSystemSynchronizedGroups = (
				6CD458E12CBD507000FCAB73 /* SwiftLessonTests */,
			);
			name = SwiftLessonTests;
			packageProductDependencies = (
			);
			productName = SwiftLessonTests;
			productReference = 6CD458DE2CBD507000FCAB73 /* SwiftLessonTests.xctest */;
			productType = "com.apple.product-type.bundle.unit-test";
		};
		6CD458E72CBD507000FCAB73 /* SwiftLessonUITests */ = {
			isa = PBXNativeTarget;
			buildConfigurationList = 6CD458F82CBD507000FCAB73 /* Build configuration list for PBXNativeTarget "SwiftLessonUITests" */;
			buildPhases = (
				6CD458E42CBD507000FCAB73 /* Sources */,
				6CD458E52CBD507000FCAB73 /* Frameworks */,
				6CD458E62CBD507000FCAB73 /* Resources */,
			);
			buildRules = (
			);
			dependencies = (
				6CD458EA2CBD507000FCAB73 /* PBXTargetDependency */,
			);
			fileSystemSynchronizedGroups = (
				6CD458EB2CBD507000FCAB73 /* SwiftLessonUITests */,
			);
			name = SwiftLessonUITests;
			packageProductDependencies = (
			);
			productName = SwiftLessonUITests;
			productReference = 6CD458E82CBD507000FCAB73 /* SwiftLessonUITests.xctest */;
			productType = "com.apple.product-type.bundle.ui-testing";
		};
/* End PBXNativeTarget section */

/* Begin PBXProject section */
		6CD458C12CBD506E00FCAB73 /* Project object */ = {
			isa = PBXProject;
			attributes = {
				BuildIndependentTargetsInParallel = 1;
				LastSwiftUpdateCheck = 1600;
				LastUpgradeCheck = 1600;
				TargetAttributes = {
					6CD458C82CBD506E00FCAB73 = {
						CreatedOnToolsVersion = 16.0;
					};
					6CD458DD2CBD507000FCAB73 = {
						CreatedOnToolsVersion = 16.0;
						TestTargetID = 6CD458C82CBD506E00FCAB73;
					};
					6CD458E72CBD507000FCAB73 = {
						CreatedOnToolsVersion = 16.0;
						TestTargetID = 6CD458C82CBD506E00FCAB73;
					};
				};
			};
			buildConfigurationList = 6CD458C42CBD506E00FCAB73 /* Build configuration list for PBXProject "SwiftLesson" */;
			developmentRegion = en;
			hasScannedForEncodings = 0;
			knownRegions = (
				en,
				Base,
			);
			mainGroup = 6CD458C02CBD506E00FCAB73;
			minimizedProjectReferenceProxies = 1;
			preferredProjectObjectVersion = 77;
			productRefGroup = 6CD458CA2CBD506E00FCAB73 /* Products */;
			projectDirPath = "";
			projectRoot = "";
			targets = (
				6CD458C82CBD506E00FCAB73 /* SwiftLesson */,
				6CD458DD2CBD507000FCAB73 /* SwiftLessonTests */,
				6CD458E72CBD507000FCAB73 /* SwiftLessonUITests */,
			);
		};
/* End PBXProject section */

/* Begin PBXResourcesBuildPhase section */
		6CD458C72CBD506E00FCAB73 /* Resources */ = {
			isa = PBXResourcesBuildPhase;
			buildActionMask = 2147483647;
			files = (
			);
			runOnlyForDeploymentPostprocessing = 0;
		};
		6CD458DC2CBD507000FCAB73 /* Resources */ = {
			isa = PBXResourcesBuildPhase;
			buildActionMask = 2147483647;
			files = (
			);
			runOnlyForDeploymentPostprocessing = 0;
		};
		6CD458E62CBD507000FCAB73 /* Resources */ = {
			isa = PBXResourcesBuildPhase;
			buildActionMask = 2147483647;
			files = (
			);
			runOnlyForDeploymentPostprocessing = 0;
		};
/* End PBXResourcesBuildPhase section */

/* Begin PBXSourcesBuildPhase section */
		6CD458C52CBD506E00FCAB73 /* Sources */ = {
			isa = PBXSourcesBuildPhase;
			buildActionMask = 2147483647;
			files = (
			);
			runOnlyForDeploymentPostprocessing = 0;
		};
		6CD458DA2CBD507000FCAB73 /* Sources */ = {
			isa = PBXSourcesBuildPhase;
			buildActionMask = 2147483647;
			files = (
			);
			runOnlyForDeploymentPostprocessing = 0;
		};
		6CD458E42CBD507000FCAB73 /* Sources */ = {
			isa = PBXSourcesBuildPhase;
			buildActionMask = 2147483647;
			files = (
			);
			runOnlyForDeploymentPostprocessing = 0;
		};
/* End PBXSourcesBuildPhase section */

/* Begin PBXTargetDependency section */
		6CD458E02CBD507000FCAB73 /* PBXTargetDependency */ = {
			isa = PBXTargetDependency;
			target = 6CD458C82CBD506E00FCAB73 /* SwiftLesson */;
			targetProxy = 6CD458DF2CBD507000FCAB73 /* PBXContainerItemProxy */;
		};
		6CD458EA2CBD507000FCAB73 /* PBXTargetDependency */ = {
			isa = PBXTargetDependency;
			target = 6CD458C82CBD506E00FCAB73 /* SwiftLesson */;
			targetProxy = 6CD458E92CBD507000FCAB73 /* PBXContainerItemProxy */;
		};
/* End PBXTargetDependency section */

/* Begin XCBuildConfiguration section */
		6CD458F02CBD507000FCAB73 /* Debug */ = {
			isa = XCBuildConfiguration;
			buildSettings = {
				ALWAYS_SEARCH_USER_PATHS = NO;
				ASSETCATALOG_COMPILER_GENERATE_SWIFT_ASSET_SYMBOL_EXTENSIONS = YES;
				CLANG_ANALYZER_NONNULL = YES;
				CLANG_ANALYZER_NUMBER_OBJECT_CONVERSION = YES_AGGRESSIVE;
				CLANG_CXX_LANGUAGE_STANDARD = "gnu++20";
				CLANG_ENABLE_MODULES = YES;
				CLANG_ENABLE_OBJC_ARC = YES;
				CLANG_ENABLE_OBJC_WEAK = YES;
				CLANG_WARN_BLOCK_CAPTURE_AUTORELEASING = YES;
				CLANG_WARN_BOOL_CONVERSION = YES;
				CLANG_WARN_COMMA = YES;
				CLANG_WARN_CONSTANT_CONVERSION = YES;
				CLANG_WARN_DEPRECATED_OBJC_IMPLEMENTATIONS = YES;
				CLANG_WARN_DIRECT_OBJC_ISA_USAGE = YES_ERROR;
				CLANG_WARN_DOCUMENTATION_COMMENTS = YES;
				CLANG_WARN_EMPTY_BODY = YES;
				CLANG_WARN_ENUM_CONVERSION = YES;
				CLANG_WARN_INFINITE_RECURSION = YES;
				CLANG_WARN_INT_CONVERSION = YES;
				CLANG_WARN_NON_LITERAL_NULL_CONVERSION = YES;
				CLANG_WARN_OBJC_IMPLICIT_RETAIN_SELF = YES;
				CLANG_WARN_OBJC_LITERAL_CONVERSION = YES;
				CLANG_WARN_OBJC_ROOT_CLASS = YES_ERROR;
				CLANG_WARN_QUOTED_INCLUDE_IN_FRAMEWORK_HEADER = YES;
				CLANG_WARN_RANGE_LOOP_ANALYSIS = YES;
				CLANG_WARN_STRICT_PROTOTYPES = YES;
				CLANG_WARN_SUSPICIOUS_MOVE = YES;
				CLANG_WARN_UNGUARDED_AVAILABILITY = YES_AGGRESSIVE;
				CLANG_WARN_UNREACHABLE_CODE = YES;
				CLANG_WARN__DUPLICATE_METHOD_MATCH = YES;
				COPY_PHASE_STRIP = NO;
				DEBUG_INFORMATION_FORMAT = dwarf;
				ENABLE_STRICT_OBJC_MSGSEND = YES;
				ENABLE_TESTABILITY = YES;
				ENABLE_USER_SCRIPT_SANDBOXING = YES;
				GCC_C_LANGUAGE_STANDARD = gnu17;
				GCC_DYNAMIC_NO_PIC = NO;
				GCC_NO_COMMON_BLOCKS = YES;
				GCC_OPTIMIZATION_LEVEL = 0;
				GCC_PREPROCESSOR_DEFINITIONS = (
					"DEBUG=1",
					"$(inherited)",
				);
				GCC_WARN_64_TO_32_BIT_CONVERSION = YES;
				GCC_WARN_ABOUT_RETURN_TYPE = YES_ERROR;
				GCC_WARN_UNDECLARED_SELECTOR = YES;
				GCC_WARN_UNINITIALIZED_AUTOS = YES_AGGRESSIVE;
				GCC_WARN_UNUSED_FUNCTION = YES;
				GCC_WARN_UNUSED_VARIABLE = YES;
				IPHONEOS_DEPLOYMENT_TARGET = 18.0;
				LOCALIZATION_PREFERS_STRING_CATALOGS = YES;
				MTL_ENABLE_DEBUG_INFO = INCLUDE_SOURCE;
				MTL_FAST_MATH = YES;
				ONLY_ACTIVE_ARCH = YES;
				SDKROOT = iphoneos;
				SWIFT_ACTIVE_COMPILATION_CONDITIONS = "DEBUG $(inherited)";
				SWIFT_OPTIMIZATION_LEVEL = "-Onone";
			};
			name = Debug;
		};
		6CD458F12CBD507000FCAB73 /* Release */ = {
			isa = XCBuildConfiguration;
			buildSettings = {
				ALWAYS_SEARCH_USER_PATHS = NO;
				ASSETCATALOG_COMPILER_GENERATE_SWIFT_ASSET_SYMBOL_EXTENSIONS = YES;
				CLANG_ANALYZER_NONNULL = YES;
				CLANG_ANALYZER_NUMBER_OBJECT_CONVERSION = YES_AGGRESSIVE;
				CLANG_CXX_LANGUAGE_STANDARD = "gnu++20";
				CLANG_ENABLE_MODULES = YES;
				CLANG_ENABLE_OBJC_ARC = YES;
				CLANG_ENABLE_OBJC_WEAK = YES;
				CLANG_WARN_BLOCK_CAPTURE_AUTORELEASING = YES;
				CLANG_WARN_BOOL_CONVERSION = YES;
				CLANG_WARN_COMMA = YES;
				CLANG_WARN_CONSTANT_CONVERSION = YES;
				CLANG_WARN_DEPRECATED_OBJC_IMPLEMENTATIONS = YES;
				CLANG_WARN_DIRECT_OBJC_ISA_USAGE = YES_ERROR;
				CLANG_WARN_DOCUMENTATION_COMMENTS = YES;
				CLANG_WARN_EMPTY_BODY = YES;
				CLANG_WARN_ENUM_CONVERSION = YES;
				CLANG_WARN_INFINITE_RECURSION = YES;
				CLANG_WARN_INT_CONVERSION = YES;
				CLANG_WARN_NON_LITERAL_NULL_CONVERSION = YES;
				CLANG_WARN_OBJC_IMPLICIT_RETAIN_SELF = YES;
				CLANG_WARN_OBJC_LITERAL_CONVERSION = YES;
				CLANG_WARN_OBJC_ROOT_CLASS = YES_ERROR;
				CLANG_WARN_QUOTED_INCLUDE_IN_FRAMEWORK_HEADER = YES;
				CLANG_WARN_RANGE_LOOP_ANALYSIS = YES;
				CLANG_WARN_STRICT_PROTOTYPES = YES;
				CLANG_WARN_SUSPICIOUS_MOVE = YES;
				CLANG_WARN_UNGUARDED_AVAILABILITY = YES_AGGRESSIVE;
				CLANG_WARN_UNREACHABLE_CODE = YES;
				CLANG_WARN__DUPLICATE_METHOD_MATCH = YES;
				COPY_PHASE_STRIP = NO;
				DEBUG_INFORMATION_FORMAT = "dwarf-with-dsym";
				ENABLE_NS_ASSERTIONS = NO;
				ENABLE_STRICT_OBJC_MSGSEND = YES;
				ENABLE_USER_SCRIPT_SANDBOXING = YES;
				GCC_C_LANGUAGE_STANDARD = gnu17;
				GCC_NO_COMMON_BLOCKS = YES;
				GCC_WARN_64_TO_32_BIT_CONVERSION = YES;
				GCC_WARN_ABOUT_RETURN_TYPE = YES_ERROR;
				GCC_WARN_UNDECLARED_SELECTOR = YES;
				GCC_WARN_UNINITIALIZED_AUTOS = YES_AGGRESSIVE;
				GCC_WARN_UNUSED_FUNCTION = YES;
				GCC_WARN_UNUSED_VARIABLE = YES;
				IPHONEOS_DEPLOYMENT_TARGET = 18.0;
				LOCALIZATION_PREFERS_STRING_CATALOGS = YES;
				MTL_ENABLE_DEBUG_INFO = NO;
				MTL_FAST_MATH = YES;
				SDKROOT = iphoneos;
				SWIFT_COMPILATION_MODE = wholemodule;
				VALIDATE_PRODUCT = YES;
			};
			name = Release;
		};
		6CD458F32CBD507000FCAB73 /* Debug */ = {
			isa = XCBuildConfiguration;
			buildSettings = {
				ASSETCATALOG_COMPILER_APPICON_NAME = AppIcon;
				ASSETCATALOG_COMPILER_GLOBAL_ACCENT_COLOR_NAME = AccentColor;
				CODE_SIGN_STYLE = Automatic;
				CURRENT_PROJECT_VERSION = 1;
				DEVELOPMENT_ASSET_PATHS = "\"SwiftLesson/Preview Content\"";
				ENABLE_PREVIEWS = YES;
				GENERATE_INFOPLIST_FILE = YES;
				INFOPLIST_KEY_UIApplicationSceneManifest_Generation = YES;
				INFOPLIST_KEY_UIApplicationSupportsIndirectInputEvents = YES;
				INFOPLIST_KEY_UILaunchScreen_Generation = YES;
				INFOPLIST_KEY_UISupportedInterfaceOrientations_iPad = "UIInterfaceOrientationPortrait UIInterfaceOrientationPortraitUpsideDown UIInterfaceOrientationLandscapeLeft UIInterfaceOrientationLandscapeRight";
				INFOPLIST_KEY_UISupportedInterfaceOrientations_iPhone = "UIInterfaceOrientationPortrait UIInterfaceOrientationLandscapeLeft UIInterfaceOrientationLandscapeRight";
				LD_RUNPATH_SEARCH_PATHS = (
					"$(inherited)",
					"@executable_path/Frameworks",
				);
				MARKETING_VERSION = 1.0;
				PRODUCT_BUNDLE_IDENTIFIER = com.tidakada.SwiftLesson;
				PRODUCT_NAME = "$(TARGET_NAME)";
				SWIFT_EMIT_LOC_STRINGS = YES;
				SWIFT_VERSION = 5.0;
				TARGETED_DEVICE_FAMILY = "1,2";
			};
			name = Debug;
		};
		6CD458F42CBD507000FCAB73 /* Release */ = {
			isa = XCBuildConfiguration;
			buildSettings = {
				ASSETCATALOG_COMPILER_APPICON_NAME = AppIcon;
				ASSETCATALOG_COMPILER_GLOBAL_ACCENT_COLOR_NAME = AccentColor;
				CODE_SIGN_STYLE = Automatic;
				CURRENT_PROJECT_VERSION = 1;
				DEVELOPMENT_ASSET_PATHS = "\"SwiftLesson/Preview Content\"";
				ENABLE_PREVIEWS = YES;
				GENERATE_INFOPLIST_FILE = YES;
				INFOPLIST_KEY_UIApplicationSceneManifest_Generation = YES;
				INFOPLIST_KEY_UIApplicationSupportsIndirectInputEvents = YES;
				INFOPLIST_KEY_UILaunchScreen_Generation = YES;
				INFOPLIST_KEY_UISupportedInterfaceOrientations_iPad = "UIInterfaceOrientationPortrait UIInterfaceOrientationPortraitUpsideDown UIInterfaceOrientationLandscapeLeft UIInterfaceOrientationLandscapeRight";
				INFOPLIST_KEY_UISupportedInterfaceOrientations_iPhone = "UIInterfaceOrientationPortrait UIInterfaceOrientationLandscapeLeft UIInterfaceOrientationLandscapeRight";
				LD_RUNPATH_SEARCH_PATHS = (
					"$(inherited)",
					"@executable_path/Frameworks",
				);
				MARKETING_VERSION = 1.0;
				PRODUCT_BUNDLE_IDENTIFIER = com.tidakada.SwiftLesson;
				PRODUCT_NAME = "$(TARGET_NAME)";
				SWIFT_EMIT_LOC_STRINGS = YES;
				SWIFT_VERSION = 5.0;
				TARGETED_DEVICE_FAMILY = "1,2";
			};
			name = Release;
		};
		6CD458F62CBD507000FCAB73 /* Debug */ = {
			isa = XCBuildConfiguration;
			buildSettings = {
				BUNDLE_LOADER = "$(TEST_HOST)";
				CODE_SIGN_STYLE = Automatic;
				CURRENT_PROJECT_VERSION = 1;
				GENERATE_INFOPLIST_FILE = YES;
				IPHONEOS_DEPLOYMENT_TARGET = 18.0;
				MARKETING_VERSION = 1.0;
				PRODUCT_BUNDLE_IDENTIFIER = com.tidakada.SwiftLessonTests;
				PRODUCT_NAME = "$(TARGET_NAME)";
				SWIFT_EMIT_LOC_STRINGS = NO;
				SWIFT_VERSION = 5.0;
				TARGETED_DEVICE_FAMILY = "1,2";
				TEST_HOST = "$(BUILT_PRODUCTS_DIR)/SwiftLesson.app/$(BUNDLE_EXECUTABLE_FOLDER_PATH)/SwiftLesson";
			};
			name = Debug;
		};
		6CD458F72CBD507000FCAB73 /* Release */ = {
			isa = XCBuildConfiguration;
			buildSettings = {
				BUNDLE_LOADER = "$(TEST_HOST)";
				CODE_SIGN_STYLE = Automatic;
				CURRENT_PROJECT_VERSION = 1;
				GENERATE_INFOPLIST_FILE = YES;
				IPHONEOS_DEPLOYMENT_TARGET = 18.0;
				MARKETING_VERSION = 1.0;
				PRODUCT_BUNDLE_IDENTIFIER = com.tidakada.SwiftLessonTests;
				PRODUCT_NAME = "$(TARGET_NAME)";
				SWIFT_EMIT_LOC_STRINGS = NO;
				SWIFT_VERSION = 5.0;
				TARGETED_DEVICE_FAMILY = "1,2";
				TEST_HOST = "$(BUILT_PRODUCTS_DIR)/SwiftLesson.app/$(BUNDLE_EXECUTABLE_FOLDER_PATH)/SwiftLesson";
			};
			name = Release;
		};
		6CD458F92CBD507000FCAB73 /* Debug */ = {
			isa = XCBuildConfiguration;
			buildSettings = {
				CODE_SIGN_STYLE = Automatic;
				CURRENT_PROJECT_VERSION = 1;
				GENERATE_INFOPLIST_FILE = YES;
				MARKETING_VERSION = 1.0;
				PRODUCT_BUNDLE_IDENTIFIER = com.tidakada.SwiftLessonUITests;
				PRODUCT_NAME = "$(TARGET_NAME)";
				SWIFT_EMIT_LOC_STRINGS = NO;
				SWIFT_VERSION = 5.0;
				TARGETED_DEVICE_FAMILY = "1,2";
				TEST_TARGET_NAME = SwiftLesson;
			};
			name = Debug;
		};
		6CD458FA2CBD507000FCAB73 /* Release */ = {
			isa = XCBuildConfiguration;
			buildSettings = {
				CODE_SIGN_STYLE = Automatic;
				CURRENT_PROJECT_VERSION = 1;
				GENERATE_INFOPLIST_FILE = YES;
				MARKETING_VERSION = 1.0;
				PRODUCT_BUNDLE_IDENTIFIER = com.tidakada.SwiftLessonUITests;
				PRODUCT_NAME = "$(TARGET_NAME)";
				SWIFT_EMIT_LOC_STRINGS = NO;
				SWIFT_VERSION = 5.0;
				TARGETED_DEVICE_FAMILY = "1,2";
				TEST_TARGET_NAME = SwiftLesson;
			};
			name = Release;
		};
/* End XCBuildConfiguration section */

/* Begin XCConfigurationList section */
		6CD458C42CBD506E00FCAB73 /* Build configuration list for PBXProject "SwiftLesson" */ = {
			isa = XCConfigurationList;
			buildConfigurations = (
				6CD458F02CBD507000FCAB73 /* Debug */,
				6CD458F12CBD507000FCAB73 /* Release */,
			);
			defaultConfigurationIsVisible = 0;
			defaultConfigurationName = Release;
		};
		6CD458F22CBD507000FCAB73 /* Build configuration list for PBXNativeTarget "SwiftLesson" */ = {
			isa = XCConfigurationList;
			buildConfigurations = (
				6CD458F32CBD507000FCAB73 /* Debug */,
				6CD458F42CBD507000FCAB73 /* Release */,
			);
			defaultConfigurationIsVisible = 0;
			defaultConfigurationName = Release;
		};
		6CD458F52CBD507000FCAB73 /* Build configuration list for PBXNativeTarget "SwiftLessonTests" */ = {
			isa = XCConfigurationList;
			buildConfigurations = (
				6CD458F62CBD507000FCAB73 /* Debug */,
				6CD458F72CBD507000FCAB73 /* Release */,
			);
			defaultConfigurationIsVisible = 0;
			defaultConfigurationName = Release;
		};
		6CD458F82CBD507000FCAB73 /* Build configuration list for PBXNativeTarget "SwiftLessonUITests" */ = {
			isa = XCConfigurationList;
			buildConfigurations = (
				6CD458F92CBD507000FCAB73 /* Debug */,
				6CD458FA2CBD507000FCAB73 /* Release */,
			);
			defaultConfigurationIsVisible = 0;
			defaultConfigurationName = Release;
		};
/* End XCConfigurationList section */
	};
	rootObject = 6CD458C12CBD506E00FCAB73 /* Project object */;
}
